{
  "requires": true,
  "lockfileVersion": 1,
  "dependencies": {
    "nunit-console-runner": {
      "version": "3.9.0-1",
      "resolved": "https://registry.npmjs.org/nunit-console-runner/-/nunit-console-runner-3.9.0-1.tgz",
      "integrity": "sha512-Xsp36p4kQcOPy7fQfsMdH2vhNdlW8JB3Rm81/HV7hG3rM1qp3AkR9xk4ymjoTcb+HrwDmrbF8DgQjrSNjw/8pQ=="
    }
  }
}
